
Microsoft Visual Studio Solution File, Format Version 12.00
# Visual Studio 15
VisualStudioVersion = 15.0.27130.2024
MinimumVisualStudioVersion = 10.0.40219.1
Project("{FAE04EC0-301F-11D3-BF4B-00C04F79EFBC}") = "Fasetto.Word", "Fasetto.Word.csproj", "{856B2A6B-254C-4F44-BCB0-D0B30C52FC60}"
EndProject
Project("{FAE04EC0-301F-11D3-BF4B-00C04F79EFBC}") = "Fasetto.Word.Core", "..\Fasetto.Word.Core\Fasetto.Word.Core.csproj", "{9A0A8F4B-0F53-45BC-A5CA-E95CEE9B0CB8}"
EndProject
Global
	GlobalSection(SolutionConfigurationPlatforms) = preSolution
		Debug|Any CPU = Debug|Any CPU
		Release|Any CPU = Release|Any CPU
	EndGlobalSection
	GlobalSection(ProjectConfigurationPlatforms) = postSolution
		{856B2A6B-254C-4F44-BCB0-D0B30C52FC60}.Debug|Any CPU.ActiveCfg = Debug|Any CPU
		{856B2A6B-254C-4F44-BCB0-D0B30C52FC60}.Debug|Any CPU.Build.0 = Debug|Any CPU
		{856B2A6B-254C-4F44-BCB0-D0B30C52FC60}.Release|Any CPU.ActiveCfg = Release|Any CPU
		{856B2A6B-254C-4F44-BCB0-D0B30C52FC60}.Release|Any CPU.Build.0 = Release|Any CPU
		{9A0A8F4B-0F53-45BC-A5CA-E95CEE9B0CB8}.Debug|Any CPU.ActiveCfg = Debug|Any CPU
		{9A0A8F4B-0F53-45BC-A5CA-E95CEE9B0CB8}.Debug|Any CPU.Build.0 = Debug|Any CPU
		{9A0A8F4B-0F53-45BC-A5CA-E95CEE9B0CB8}.Release|Any CPU.ActiveCfg = Release|Any CPU
		{9A0A8F4B-0F53-45BC-A5CA-E95CEE9B0CB8}.Release|Any CPU.Build.0 = Release|Any CPU
	EndGlobalSection
	GlobalSection(SolutionProperties) = preSolution
		HideSolutionNode = FALSE
	EndGlobalSection
	GlobalSection(ExtensibilityGlobals) = postSolution
		SolutionGuid = {50747757-A4D0-48F0-8CA7-6C7E608D258C}
	EndGlobalSection
EndGlobal
